// !$*UTF8*$!
{
	archiveVersion = 1;
	classes = {
	};
	objectVersion = 46;
	objects = {

/* Begin PBXBuildFile section */
		CB5D67E3B357217B55814233 /* Pods_WeatherForecast.framework in Frameworks */ = {isa = PBXBuildFile; fileRef = CD2814FB5DB46E345614660C /* Pods_WeatherForecast.framework */; };
		E0C58CD81E4933FD00825CEC /* AppDelegate.swift in Sources */ = {isa = PBXBuildFile; fileRef = E0C58CD71E4933FD00825CEC /* AppDelegate.swift */; };
		E0C58CDA1E4933FD00825CEC /* WeatherVC.swift in Sources */ = {isa = PBXBuildFile; fileRef = E0C58CD91E4933FD00825CEC /* WeatherVC.swift */; };
		E0C58CDD1E4933FD00825CEC /* Main.storyboard in Resources */ = {isa = PBXBuildFile; fileRef = E0C58CDB1E4933FD00825CEC /* Main.storyboard */; };
		E0C58CDF1E4933FD00825CEC /* Assets.xcassets in Resources */ = {isa = PBXBuildFile; fileRef = E0C58CDE1E4933FD00825CEC /* Assets.xcassets */; };
		E0C58CE21E4933FD00825CEC /* LaunchScreen.storyboard in Resources */ = {isa = PBXBuildFile; fileRef = E0C58CE01E4933FD00825CEC /* LaunchScreen.storyboard */; };
		E0C58CEA1E49597000825CEC /* Constants.swift in Sources */ = {isa = PBXBuildFile; fileRef = E0C58CE91E49597000825CEC /* Constants.swift */; };
		E0C58CEC1E495C2000825CEC /* CurrentWeather.swift in Sources */ = {isa = PBXBuildFile; fileRef = E0C58CEB1E495C2000825CEC /* CurrentWeather.swift */; };
/* End PBXBuildFile section */

/* Begin PBXFileReference section */
		CD2814FB5DB46E345614660C /* Pods_WeatherForecast.framework */ = {isa = PBXFileReference; explicitFileType = wrapper.framework; includeInIndex = 0; path = Pods_WeatherForecast.framework; sourceTree = BUILT_PRODUCTS_DIR; };
		E0C58CD41E4933FD00825CEC /* WeatherForecast.app */ = {isa = PBXFileReference; explicitFileType = wrapper.application; includeInIndex = 0; path = WeatherForecast.app; sourceTree = BUILT_PRODUCTS_DIR; };
		E0C58CD71E4933FD00825CEC /* AppDelegate.swift */ = {isa = PBXFileReference; lastKnownFileType = sourcecode.swift; path = AppDelegate.swift; sourceTree = "<group>"; };
		E0C58CD91E4933FD00825CEC /* WeatherVC.swift */ = {isa = PBXFileReference; lastKnownFileType = sourcecode.swift; path = WeatherVC.swift; sourceTree = "<group>"; };
		E0C58CDC1E4933FD00825CEC /* Base */ = {isa = PBXFileReference; lastKnownFileType = file.storyboard; name = Base; path = Base.lproj/Main.storyboard; sourceTree = "<group>"; };
		E0C58CDE1E4933FD00825CEC /* Assets.xcassets */ = {isa = PBXFileReference; lastKnownFileType = folder.assetcatalog; path = Assets.xcassets; sourceTree = "<group>"; };
		E0C58CE11E4933FD00825CEC /* Base */ = {isa = PBXFileReference; lastKnownFileType = file.storyboard; name = Base; path = Base.lproj/LaunchScreen.storyboard; sourceTree = "<group>"; };
		E0C58CE31E4933FD00825CEC /* Info.plist */ = {isa = PBXFileReference; lastKnownFileType = text.plist.xml; path = Info.plist; sourceTree = "<group>"; };
		E0C58CE91E49597000825CEC /* Constants.swift */ = {isa = PBXFileReference; fileEncoding = 4; lastKnownFileType = sourcecode.swift; path = Constants.swift; sourceTree = "<group>"; };
		E0C58CEB1E495C2000825CEC /* CurrentWeather.swift */ = {isa = PBXFileReference; fileEncoding = 4; lastKnownFileType = sourcecode.swift; path = CurrentWeather.swift; sourceTree = "<group>"; };
		E1BE29E6758248944B8904A2 /* Pods-WeatherForecast.release.xcconfig */ = {isa = PBXFileReference; includeInIndex = 1; lastKnownFileType = text.xcconfig; name = "Pods-WeatherForecast.release.xcconfig"; path = "Pods/Target Support Files/Pods-WeatherForecast/Pods-WeatherForecast.release.xcconfig"; sourceTree = "<group>"; };
		F4D572F678303A6A5D6FDAB4 /* Pods-WeatherForecast.debug.xcconfig */ = {isa = PBXFileReference; includeInIndex = 1; lastKnownFileType = text.xcconfig; name = "Pods-WeatherForecast.debug.xcconfig"; path = "Pods/Target Support Files/Pods-WeatherForecast/Pods-WeatherForecast.debug.xcconfig"; sourceTree = "<group>"; };
/* End PBXFileReference section */

/* Begin PBXFrameworksBuildPhase section */
		E0C58CD11E4933FD00825CEC /* Frameworks */ = {
			isa = PBXFrameworksBuildPhase;
			buildActionMask = 2147483647;
			files = (
				CB5D67E3B357217B55814233 /* Pods_WeatherForecast.framework in Frameworks */,
			);
			runOnlyForDeploymentPostprocessing = 0;
		};
/* End PBXFrameworksBuildPhase section */

/* Begin PBXGroup section */
		1C19601E1FC90B55788BAE7F /* Frameworks */ = {
			isa = PBXGroup;
			children = (
				CD2814FB5DB46E345614660C /* Pods_WeatherForecast.framework */,
			);
			name = Frameworks;
			sourceTree = "<group>";
		};
		D7A078F316C9FDC2C5858619 /* Pods */ = {
			isa = PBXGroup;
			children = (
				F4D572F678303A6A5D6FDAB4 /* Pods-WeatherForecast.debug.xcconfig */,
				E1BE29E6758248944B8904A2 /* Pods-WeatherForecast.release.xcconfig */,
			);
			name = Pods;
			sourceTree = "<group>";
		};
		E0C58CCB1E4933FD00825CEC = {
			isa = PBXGroup;
			children = (
				E0C58CD61E4933FD00825CEC /* WeatherForecast */,
				E0C58CD51E4933FD00825CEC /* Products */,
				D7A078F316C9FDC2C5858619 /* Pods */,
				1C19601E1FC90B55788BAE7F /* Frameworks */,
			);
			sourceTree = "<group>";
		};
		E0C58CD51E4933FD00825CEC /* Products */ = {
			isa = PBXGroup;
			children = (
				E0C58CD41E4933FD00825CEC /* WeatherForecast.app */,
			);
			name = Products;
			sourceTree = "<group>";
		};
		E0C58CD61E4933FD00825CEC /* WeatherForecast */ = {
			isa = PBXGroup;
			children = (
				E0C58CD71E4933FD00825CEC /* AppDelegate.swift */,
				E0C58CEF1E495FFF00825CEC /* View */,
				E0C58CEE1E495FEB00825CEC /* Controller */,
				E0C58CED1E495FD100825CEC /* Model */,
				E0C58CDB1E4933FD00825CEC /* Main.storyboard */,
				E0C58CDE1E4933FD00825CEC /* Assets.xcassets */,
				E0C58CE01E4933FD00825CEC /* LaunchScreen.storyboard */,
				E0C58CE31E4933FD00825CEC /* Info.plist */,
			);
			path = WeatherForecast;
			sourceTree = "<group>";
		};
		E0C58CED1E495FD100825CEC /* Model */ = {
			isa = PBXGroup;
			children = (
				E0C58CE91E49597000825CEC /* Constants.swift */,
				E0C58CEB1E495C2000825CEC /* CurrentWeather.swift */,
			);
			name = Model;
			sourceTree = "<group>";
		};
		E0C58CEE1E495FEB00825CEC /* Controller */ = {
			isa = PBXGroup;
			children = (
				E0C58CD91E4933FD00825CEC /* WeatherVC.swift */,
			);
			name = Controller;
			sourceTree = "<group>";
		};
		E0C58CEF1E495FFF00825CEC /* View */ = {
			isa = PBXGroup;
			children = (
			);
			name = View;
			sourceTree = "<group>";
		};
/* End PBXGroup section */

/* Begin PBXNativeTarget section */
		E0C58CD31E4933FD00825CEC /* WeatherForecast */ = {
			isa = PBXNativeTarget;
			buildConfigurationList = E0C58CE61E4933FD00825CEC /* Build configuration list for PBXNativeTarget "WeatherForecast" */;
			buildPhases = (
				568FA28DFEDEE797A9864361 /* [CP] Check Pods Manifest.lock */,
				E0C58CD01E4933FD00825CEC /* Sources */,
				E0C58CD11E4933FD00825CEC /* Frameworks */,
				E0C58CD21E4933FD00825CEC /* Resources */,
				56F01F01CA25903E64F32D8A /* [CP] Embed Pods Frameworks */,
				33730B05C94812BC862F6A87 /* [CP] Copy Pods Resources */,
			);
			buildRules = (
			);
			dependencies = (
			);
			name = WeatherForecast;
			productName = WeatherForecast;
			productReference = E0C58CD41E4933FD00825CEC /* WeatherForecast.app */;
			productType = "com.apple.product-type.application";
		};
/* End PBXNativeTarget section */

/* Begin PBXProject section */
		E0C58CCC1E4933FD00825CEC /* Project object */ = {
			isa = PBXProject;
			attributes = {
				LastSwiftUpdateCheck = 0820;
				LastUpgradeCheck = 0820;
				ORGANIZATIONNAME = "Jason Crawford";
				TargetAttributes = {
					E0C58CD31E4933FD00825CEC = {
						CreatedOnToolsVersion = 8.2.1;
						DevelopmentTeam = EN498SV6Q8;
						ProvisioningStyle = Automatic;
					};
				};
			};
			buildConfigurationList = E0C58CCF1E4933FD00825CEC /* Build configuration list for PBXProject "WeatherForecast" */;
			compatibilityVersion = "Xcode 3.2";
			developmentRegion = English;
			hasScannedForEncodings = 0;
			knownRegions = (
				en,
				Base,
			);
			mainGroup = E0C58CCB1E4933FD00825CEC;
			productRefGroup = E0C58CD51E4933FD00825CEC /* Products */;
			projectDirPath = "";
			projectRoot = "";
			targets = (
				E0C58CD31E4933FD00825CEC /* WeatherForecast */,
			);
		};
/* End PBXProject section */

/* Begin PBXResourcesBuildPhase section */
		E0C58CD21E4933FD00825CEC /* Resources */ = {
			isa = PBXResourcesBuildPhase;
			buildActionMask = 2147483647;
			files = (
				E0C58CE21E4933FD00825CEC /* LaunchScreen.storyboard in Resources */,
				E0C58CDF1E4933FD00825CEC /* Assets.xcassets in Resources */,
				E0C58CDD1E4933FD00825CEC /* Main.storyboard in Resources */,
			);
			runOnlyForDeploymentPostprocessing = 0;
		};
/* End PBXResourcesBuildPhase section */

/* Begin PBXShellScriptBuildPhase section */
		33730B05C94812BC862F6A87 /* [CP] Copy Pods Resources */ = {
			isa = PBXShellScriptBuildPhase;
			buildActionMask = 2147483647;
			files = (
			);
			inputPaths = (
			);
			name = "[CP] Copy Pods Resources";
			outputPaths = (
			);
			runOnlyForDeploymentPostprocessing = 0;
			shellPath = /bin/sh;
			shellScript = "\"${SRCROOT}/Pods/Target Support Files/Pods-WeatherForecast/Pods-WeatherForecast-resources.sh\"\n";
			showEnvVarsInLog = 0;
		};
		568FA28DFEDEE797A9864361 /* [CP] Check Pods Manifest.lock */ = {
			isa = PBXShellScriptBuildPhase;
			buildActionMask = 2147483647;
			files = (
			);
			inputPaths = (
			);
			name = "[CP] Check Pods Manifest.lock";
			outputPaths = (
			);
			runOnlyForDeploymentPostprocessing = 0;
			shellPath = /bin/sh;
			shellScript = "diff \"${PODS_ROOT}/../Podfile.lock\" \"${PODS_ROOT}/Manifest.lock\" > /dev/null\nif [ $? != 0 ] ; then\n    # print error to STDERR\n    echo \"error: The sandbox is not in sync with the Podfile.lock. Run 'pod install' or update your CocoaPods installation.\" >&2\n    exit 1\nfi\n";
			showEnvVarsInLog = 0;
		};
		56F01F01CA25903E64F32D8A /* [CP] Embed Pods Frameworks */ = {
			isa = PBXShellScriptBuildPhase;
			buildActionMask = 2147483647;
			files = (
			);
			inputPaths = (
			);
			name = "[CP] Embed Pods Frameworks";
			outputPaths = (
			);
			runOnlyForDeploymentPostprocessing = 0;
			shellPath = /bin/sh;
			shellScript = "\"${SRCROOT}/Pods/Target Support Files/Pods-WeatherForecast/Pods-WeatherForecast-frameworks.sh\"\n";
			showEnvVarsInLog = 0;
		};
/* End PBXShellScriptBuildPhase section */

/* Begin PBXSourcesBuildPhase section */
		E0C58CD01E4933FD00825CEC /* Sources */ = {
			isa = PBXSourcesBuildPhase;
			buildActionMask = 2147483647;
			files = (
				E0C58CDA1E4933FD00825CEC /* WeatherVC.swift in Sources */,
				E0C58CD81E4933FD00825CEC /* AppDelegate.swift in Sources */,
				E0C58CEC1E495C2000825CEC /* CurrentWeather.swift in Sources */,
				E0C58CEA1E49597000825CEC /* Constants.swift in Sources */,
			);
			runOnlyForDeploymentPostprocessing = 0;
		};
/* End PBXSourcesBuildPhase section */

/* Begin PBXVariantGroup section */
		E0C58CDB1E4933FD00825CEC /* Main.storyboard */ = {
			isa = PBXVariantGroup;
			children = (
				E0C58CDC1E4933FD00825CEC /* Base */,
			);
			name = Main.storyboard;
			sourceTree = "<group>";
		};
		E0C58CE01E4933FD00825CEC /* LaunchScreen.storyboard */ = {
			isa = PBXVariantGroup;
			children = (
				E0C58CE11E4933FD00825CEC /* Base */,
			);
			name = LaunchScreen.storyboard;
			sourceTree = "<group>";
		};
/* End PBXVariantGroup section */

/* Begin XCBuildConfiguration section */
		E0C58CE41E4933FD00825CEC /* Debug */ = {
			isa = XCBuildConfiguration;
			buildSettings = {
				ALWAYS_SEARCH_USER_PATHS = NO;
				CLANG_ANALYZER_NONNULL = YES;
				CLANG_CXX_LANGUAGE_STANDARD = "gnu++0x";
				CLANG_CXX_LIBRARY = "libc++";
				CLANG_ENABLE_MODULES = YES;
				CLANG_ENABLE_OBJC_ARC = YES;
				CLANG_WARN_BOOL_CONVERSION = YES;
				CLANG_WARN_CONSTANT_CONVERSION = YES;
				CLANG_WARN_DIRECT_OBJC_ISA_USAGE = YES_ERROR;
				CLANG_WARN_DOCUMENTATION_COMMENTS = YES;
				CLANG_WARN_EMPTY_BODY = YES;
				CLANG_WARN_ENUM_CONVERSION = YES;
				CLANG_WARN_INFINITE_RECURSION = YES;
				CLANG_WARN_INT_CONVERSION = YES;
				CLANG_WARN_OBJC_ROOT_CLASS = YES_ERROR;
				CLANG_WARN_SUSPICIOUS_MOVE = YES;
				CLANG_WARN_UNREACHABLE_CODE = YES;
				CLANG_WARN__DUPLICATE_METHOD_MATCH = YES;
				"CODE_SIGN_IDENTITY[sdk=iphoneos*]" = "iPhone Developer";
				COPY_PHASE_STRIP = NO;
				DEBUG_INFORMATION_FORMAT = dwarf;
				ENABLE_STRICT_OBJC_MSGSEND = YES;
				ENABLE_TESTABILITY = YES;
				GCC_C_LANGUAGE_STANDARD = gnu99;
				GCC_DYNAMIC_NO_PIC = NO;
				GCC_NO_COMMON_BLOCKS = YES;
				GCC_OPTIMIZATION_LEVEL = 0;
				GCC_PREPROCESSOR_DEFINITIONS = (
					"DEBUG=1",
					"$(inherited)",
				);
				GCC_WARN_64_TO_32_BIT_CONVERSION = YES;
				GCC_WARN_ABOUT_RETURN_TYPE = YES_ERROR;
				GCC_WARN_UNDECLARED_SELECTOR = YES;
				GCC_WARN_UNINITIALIZED_AUTOS = YES_AGGRESSIVE;
				GCC_WARN_UNUSED_FUNCTION = YES;
				GCC_WARN_UNUSED_VARIABLE = YES;
				IPHONEOS_DEPLOYMENT_TARGET = 10.2;
				MTL_ENABLE_DEBUG_INFO = YES;
				ONLY_ACTIVE_ARCH = YES;
				SDKROOT = iphoneos;
				SWIFT_ACTIVE_COMPILATION_CONDITIONS = DEBUG;
				SWIFT_OPTIMIZATION_LEVEL = "-Onone";
				TARGETED_DEVICE_FAMILY = "1,2";
			};
			name = Debug;
		};
		E0C58CE51E4933FD00825CEC /* Release */ = {
			isa = XCBuildConfiguration;
			buildSettings = {
				ALWAYS_SEARCH_USER_PATHS = NO;
				CLANG_ANALYZER_NONNULL = YES;
				CLANG_CXX_LANGUAGE_STANDARD = "gnu++0x";
				CLANG_CXX_LIBRARY = "libc++";
				CLANG_ENABLE_MODULES = YES;
				CLANG_ENABLE_OBJC_ARC = YES;
				CLANG_WARN_BOOL_CONVERSION = YES;
				CLANG_WARN_CONSTANT_CONVERSION = YES;
				CLANG_WARN_DIRECT_OBJC_ISA_USAGE = YES_ERROR;
				CLANG_WARN_DOCUMENTATION_COMMENTS = YES;
				CLANG_WARN_EMPTY_BODY = YES;
				CLANG_WARN_ENUM_CONVERSION = YES;
				CLANG_WARN_INFINITE_RECURSION = YES;
				CLANG_WARN_INT_CONVERSION = YES;
				CLANG_WARN_OBJC_ROOT_CLASS = YES_ERROR;
				CLANG_WARN_SUSPICIOUS_MOVE = YES;
				CLANG_WARN_UNREACHABLE_CODE = YES;
				CLANG_WARN__DUPLICATE_METHOD_MATCH = YES;
				"CODE_SIGN_IDENTITY[sdk=iphoneos*]" = "iPhone Developer";
				COPY_PHASE_STRIP = NO;
				DEBUG_INFORMATION_FORMAT = "dwarf-with-dsym";
				ENABLE_NS_ASSERTIONS = NO;
				ENABLE_STRICT_OBJC_MSGSEND = YES;
				GCC_C_LANGUAGE_STANDARD = gnu99;
				GCC_NO_COMMON_BLOCKS = YES;
				GCC_WARN_64_TO_32_BIT_CONVERSION = YES;
				GCC_WARN_ABOUT_RETURN_TYPE = YES_ERROR;
				GCC_WARN_UNDECLARED_SELECTOR = YES;
				GCC_WARN_UNINITIALIZED_AUTOS = YES_AGGRESSIVE;
				GCC_WARN_UNUSED_FUNCTION = YES;
				GCC_WARN_UNUSED_VARIABLE = YES;
				IPHONEOS_DEPLOYMENT_TARGET = 10.2;
				MTL_ENABLE_DEBUG_INFO = NO;
				SDKROOT = iphoneos;
				SWIFT_OPTIMIZATION_LEVEL = "-Owholemodule";
				TARGETED_DEVICE_FAMILY = "1,2";
				VALIDATE_PRODUCT = YES;
			};
			name = Release;
		};
		E0C58CE71E4933FD00825CEC /* Debug */ = {
			isa = XCBuildConfiguration;
			baseConfigurationReference = F4D572F678303A6A5D6FDAB4 /* Pods-WeatherForecast.debug.xcconfig */;
			buildSettings = {
				ASSETCATALOG_COMPILER_APPICON_NAME = AppIcon;
				DEVELOPMENT_TEAM = EN498SV6Q8;
				INFOPLIST_FILE = WeatherForecast/Info.plist;
				LD_RUNPATH_SEARCH_PATHS = "$(inherited) @executable_path/Frameworks";
				PRODUCT_BUNDLE_IDENTIFIER = com.daxapps.WeatherForecast;
				PRODUCT_NAME = "$(TARGET_NAME)";
				SWIFT_VERSION = 3.0;
				TARGETED_DEVICE_FAMILY = 1;
			};
			name = Debug;
		};
		E0C58CE81E4933FD00825CEC /* Release */ = {
			isa = XCBuildConfiguration;
			baseConfigurationReference = E1BE29E6758248944B8904A2 /* Pods-WeatherForecast.release.xcconfig */;
			buildSettings = {
				ASSETCATALOG_COMPILER_APPICON_NAME = AppIcon;
				DEVELOPMENT_TEAM = EN498SV6Q8;
				INFOPLIST_FILE = WeatherForecast/Info.plist;
				LD_RUNPATH_SEARCH_PATHS = "$(inherited) @executable_path/Frameworks";
				PRODUCT_BUNDLE_IDENTIFIER = com.daxapps.WeatherForecast;
				PRODUCT_NAME = "$(TARGET_NAME)";
				SWIFT_VERSION = 3.0;
				TARGETED_DEVICE_FAMILY = 1;
			};
			name = Release;
		};
/* End XCBuildConfiguration section */

/* Begin XCConfigurationList section */
		E0C58CCF1E4933FD00825CEC /* Build configuration list for PBXProject "WeatherForecast" */ = {
			isa = XCConfigurationList;
			buildConfigurations = (
				E0C58CE41E4933FD00825CEC /* Debug */,
				E0C58CE51E4933FD00825CEC /* Release */,
			);
			defaultConfigurationIsVisible = 0;
			defaultConfigurationName = Release;
		};
		E0C58CE61E4933FD00825CEC /* Build configuration list for PBXNativeTarget "WeatherForecast" */ = {
			isa = XCConfigurationList;
			buildConfigurations = (
				E0C58CE71E4933FD00825CEC /* Debug */,
				E0C58CE81E4933FD00825CEC /* Release */,
			);
			defaultConfigurationIsVisible = 0;
			defaultConfigurationName = Release;
		};
/* End XCConfigurationList section */
	};
	rootObject = E0C58CCC1E4933FD00825CEC /* Project object */;
}
